// !$*UTF8*$!
{
	archiveVersion = 1;
	classes = {
	};
	objectVersion = 46;
	objects = {

/* Begin PBXBuildFile section */
		E904A7EA196691B9004542C8 /* SPTLoginViewController.m in Sources */ = {isa = PBXBuildFile; fileRef = E904A7E9196691B9004542C8 /* SPTLoginViewController.m */; };
		E904A7F01966A3C4004542C8 /* SPTActor.m in Sources */ = {isa = PBXBuildFile; fileRef = E904A7EF1966A3C4004542C8 /* SPTActor.m */; };
		E930F5AE196689AA00A933F0 /* Foundation.framework in Frameworks */ = {isa = PBXBuildFile; fileRef = E930F5AD196689AA00A933F0 /* Foundation.framework */; };
		E930F5B0196689AA00A933F0 /* CoreGraphics.framework in Frameworks */ = {isa = PBXBuildFile; fileRef = E930F5AF196689AA00A933F0 /* CoreGraphics.framework */; };
		E930F5B2196689AA00A933F0 /* UIKit.framework in Frameworks */ = {isa = PBXBuildFile; fileRef = E930F5B1196689AA00A933F0 /* UIKit.framework */; };
		E930F5B4196689AA00A933F0 /* CoreData.framework in Frameworks */ = {isa = PBXBuildFile; fileRef = E930F5B3196689AA00A933F0 /* CoreData.framework */; };
		E930F5BA196689AA00A933F0 /* InfoPlist.strings in Resources */ = {isa = PBXBuildFile; fileRef = E930F5B8196689AA00A933F0 /* InfoPlist.strings */; };
		E930F5BC196689AA00A933F0 /* main.m in Sources */ = {isa = PBXBuildFile; fileRef = E930F5BB196689AA00A933F0 /* main.m */; };
		E930F5C0196689AA00A933F0 /* SPTAppDelegate.m in Sources */ = {isa = PBXBuildFile; fileRef = E930F5BF196689AA00A933F0 /* SPTAppDelegate.m */; };
		E930F5C3196689AA00A933F0 /* Main.storyboard in Resources */ = {isa = PBXBuildFile; fileRef = E930F5C1196689AA00A933F0 /* Main.storyboard */; };
		E930F5C6196689AA00A933F0 /* Spot.xcdatamodeld in Sources */ = {isa = PBXBuildFile; fileRef = E930F5C4196689AA00A933F0 /* Spot.xcdatamodeld */; };
		E930F5C9196689AA00A933F0 /* SPTMasterViewController.m in Sources */ = {isa = PBXBuildFile; fileRef = E930F5C8196689AA00A933F0 /* SPTMasterViewController.m */; };
		E930F5CC196689AA00A933F0 /* SPTDetailViewController.m in Sources */ = {isa = PBXBuildFile; fileRef = E930F5CB196689AA00A933F0 /* SPTDetailViewController.m */; };
		E930F5CE196689AA00A933F0 /* Images.xcassets in Resources */ = {isa = PBXBuildFile; fileRef = E930F5CD196689AA00A933F0 /* Images.xcassets */; };
		E930F5D5196689AA00A933F0 /* XCTest.framework in Frameworks */ = {isa = PBXBuildFile; fileRef = E930F5D4196689AA00A933F0 /* XCTest.framework */; };
		E930F5D6196689AA00A933F0 /* Foundation.framework in Frameworks */ = {isa = PBXBuildFile; fileRef = E930F5AD196689AA00A933F0 /* Foundation.framework */; };
		E930F5D7196689AA00A933F0 /* UIKit.framework in Frameworks */ = {isa = PBXBuildFile; fileRef = E930F5B1196689AA00A933F0 /* UIKit.framework */; };
		E930F5D8196689AA00A933F0 /* CoreData.framework in Frameworks */ = {isa = PBXBuildFile; fileRef = E930F5B3196689AA00A933F0 /* CoreData.framework */; };
		E930F5E0196689AA00A933F0 /* InfoPlist.strings in Resources */ = {isa = PBXBuildFile; fileRef = E930F5DE196689AA00A933F0 /* InfoPlist.strings */; };
		E930F5E2196689AA00A933F0 /* SpotTests.m in Sources */ = {isa = PBXBuildFile; fileRef = E930F5E1196689AA00A933F0 /* SpotTests.m */; };
/* End PBXBuildFile section */

/* Begin PBXContainerItemProxy section */
		E930F5D9196689AA00A933F0 /* PBXContainerItemProxy */ = {
			isa = PBXContainerItemProxy;
			containerPortal = E930F5A2196689AA00A933F0 /* Project object */;
			proxyType = 1;
			remoteGlobalIDString = E930F5A9196689AA00A933F0;
			remoteInfo = Spot;
		};
/* End PBXContainerItemProxy section */

/* Begin PBXFileReference section */
		E904A7E8196691B9004542C8 /* SPTLoginViewController.h */ = {isa = PBXFileReference; fileEncoding = 4; lastKnownFileType = sourcecode.c.h; path = SPTLoginViewController.h; sourceTree = "<group>"; };
		E904A7E9196691B9004542C8 /* SPTLoginViewController.m */ = {isa = PBXFileReference; fileEncoding = 4; lastKnownFileType = sourcecode.c.objc; path = SPTLoginViewController.m; sourceTree = "<group>"; };
		E904A7EE1966A3C4004542C8 /* SPTActor.h */ = {isa = PBXFileReference; fileEncoding = 4; lastKnownFileType = sourcecode.c.h; path = SPTActor.h; sourceTree = "<group>"; };
		E904A7EF1966A3C4004542C8 /* SPTActor.m */ = {isa = PBXFileReference; fileEncoding = 4; lastKnownFileType = sourcecode.c.objc; path = SPTActor.m; sourceTree = "<group>"; };
		E930F5AA196689AA00A933F0 /* Spot.app */ = {isa = PBXFileReference; explicitFileType = wrapper.application; includeInIndex = 0; path = Spot.app; sourceTree = BUILT_PRODUCTS_DIR; };
		E930F5AD196689AA00A933F0 /* Foundation.framework */ = {isa = PBXFileReference; lastKnownFileType = wrapper.framework; name = Foundation.framework; path = System/Library/Frameworks/Foundation.framework; sourceTree = SDKROOT; };
		E930F5AF196689AA00A933F0 /* CoreGraphics.framework */ = {isa = PBXFileReference; lastKnownFileType = wrapper.framework; name = CoreGraphics.framework; path = System/Library/Frameworks/CoreGraphics.framework; sourceTree = SDKROOT; };
		E930F5B1196689AA00A933F0 /* UIKit.framework */ = {isa = PBXFileReference; lastKnownFileType = wrapper.framework; name = UIKit.framework; path = System/Library/Frameworks/UIKit.framework; sourceTree = SDKROOT; };
		E930F5B3196689AA00A933F0 /* CoreData.framework */ = {isa = PBXFileReference; lastKnownFileType = wrapper.framework; name = CoreData.framework; path = System/Library/Frameworks/CoreData.framework; sourceTree = SDKROOT; };
		E930F5B7196689AA00A933F0 /* Spot-Info.plist */ = {isa = PBXFileReference; lastKnownFileType = text.plist.xml; path = "Spot-Info.plist"; sourceTree = "<group>"; };
		E930F5B9196689AA00A933F0 /* en */ = {isa = PBXFileReference; lastKnownFileType = text.plist.strings; name = en; path = en.lproj/InfoPlist.strings; sourceTree = "<group>"; };
		E930F5BB196689AA00A933F0 /* main.m */ = {isa = PBXFileReference; lastKnownFileType = sourcecode.c.objc; path = main.m; sourceTree = "<group>"; };
		E930F5BD196689AA00A933F0 /* Spot-Prefix.pch */ = {isa = PBXFileReference; lastKnownFileType = sourcecode.c.h; path = "Spot-Prefix.pch"; sourceTree = "<group>"; };
		E930F5BE196689AA00A933F0 /* SPTAppDelegate.h */ = {isa = PBXFileReference; lastKnownFileType = sourcecode.c.h; path = SPTAppDelegate.h; sourceTree = "<group>"; };
		E930F5BF196689AA00A933F0 /* SPTAppDelegate.m */ = {isa = PBXFileReference; lastKnownFileType = sourcecode.c.objc; path = SPTAppDelegate.m; sourceTree = "<group>"; };
		E930F5C2196689AA00A933F0 /* Base */ = {isa = PBXFileReference; lastKnownFileType = file.storyboard; name = Base; path = Base.lproj/Main.storyboard; sourceTree = "<group>"; };
		E930F5C5196689AA00A933F0 /* Spot.xcdatamodel */ = {isa = PBXFileReference; lastKnownFileType = wrapper.xcdatamodel; path = Spot.xcdatamodel; sourceTree = "<group>"; };
		E930F5C7196689AA00A933F0 /* SPTMasterViewController.h */ = {isa = PBXFileReference; lastKnownFileType = sourcecode.c.h; path = SPTMasterViewController.h; sourceTree = "<group>"; };
		E930F5C8196689AA00A933F0 /* SPTMasterViewController.m */ = {isa = PBXFileReference; lastKnownFileType = sourcecode.c.objc; path = SPTMasterViewController.m; sourceTree = "<group>"; };
		E930F5CA196689AA00A933F0 /* SPTDetailViewController.h */ = {isa = PBXFileReference; lastKnownFileType = sourcecode.c.h; path = SPTDetailViewController.h; sourceTree = "<group>"; };
		E930F5CB196689AA00A933F0 /* SPTDetailViewController.m */ = {isa = PBXFileReference; lastKnownFileType = sourcecode.c.objc; path = SPTDetailViewController.m; sourceTree = "<group>"; };
		E930F5CD196689AA00A933F0 /* Images.xcassets */ = {isa = PBXFileReference; lastKnownFileType = folder.assetcatalog; path = Images.xcassets; sourceTree = "<group>"; };
		E930F5D3196689AA00A933F0 /* SpotTests.xctest */ = {isa = PBXFileReference; explicitFileType = wrapper.cfbundle; includeInIndex = 0; path = SpotTests.xctest; sourceTree = BUILT_PRODUCTS_DIR; };
		E930F5D4196689AA00A933F0 /* XCTest.framework */ = {isa = PBXFileReference; lastKnownFileType = wrapper.framework; name = XCTest.framework; path = Library/Frameworks/XCTest.framework; sourceTree = DEVELOPER_DIR; };
		E930F5DD196689AA00A933F0 /* SpotTests-Info.plist */ = {isa = PBXFileReference; lastKnownFileType = text.plist.xml; path = "SpotTests-Info.plist"; sourceTree = "<group>"; };
		E930F5DF196689AA00A933F0 /* en */ = {isa = PBXFileReference; lastKnownFileType = text.plist.strings; name = en; path = en.lproj/InfoPlist.strings; sourceTree = "<group>"; };
		E930F5E1196689AA00A933F0 /* SpotTests.m */ = {isa = PBXFileReference; lastKnownFileType = sourcecode.c.objc; path = SpotTests.m; sourceTree = "<group>"; };
/* End PBXFileReference section */

/* Begin PBXFrameworksBuildPhase section */
		E930F5A7196689AA00A933F0 /* Frameworks */ = {
			isa = PBXFrameworksBuildPhase;
			buildActionMask = 2147483647;
			files = (
				E930F5B0196689AA00A933F0 /* CoreGraphics.framework in Frameworks */,
				E930F5B4196689AA00A933F0 /* CoreData.framework in Frameworks */,
				E930F5B2196689AA00A933F0 /* UIKit.framework in Frameworks */,
				E930F5AE196689AA00A933F0 /* Foundation.framework in Frameworks */,
			);
			runOnlyForDeploymentPostprocessing = 0;
		};
		E930F5D0196689AA00A933F0 /* Frameworks */ = {
			isa = PBXFrameworksBuildPhase;
			buildActionMask = 2147483647;
			files = (
				E930F5D5196689AA00A933F0 /* XCTest.framework in Frameworks */,
				E930F5D8196689AA00A933F0 /* CoreData.framework in Frameworks */,
				E930F5D7196689AA00A933F0 /* UIKit.framework in Frameworks */,
				E930F5D6196689AA00A933F0 /* Foundation.framework in Frameworks */,
			);
			runOnlyForDeploymentPostprocessing = 0;
		};
/* End PBXFrameworksBuildPhase section */

/* Begin PBXGroup section */
		E930F5A1196689AA00A933F0 = {
			isa = PBXGroup;
			children = (
				E930F5B5196689AA00A933F0 /* Spot */,
				E930F5DB196689AA00A933F0 /* SpotTests */,
				E930F5AC196689AA00A933F0 /* Frameworks */,
				E930F5AB196689AA00A933F0 /* Products */,
			);
			sourceTree = "<group>";
		};
		E930F5AB196689AA00A933F0 /* Products */ = {
			isa = PBXGroup;
			children = (
				E930F5AA196689AA00A933F0 /* Spot.app */,
				E930F5D3196689AA00A933F0 /* SpotTests.xctest */,
			);
			name = Products;
			sourceTree = "<group>";
		};
		E930F5AC196689AA00A933F0 /* Frameworks */ = {
			isa = PBXGroup;
			children = (
				E930F5AD196689AA00A933F0 /* Foundation.framework */,
				E930F5AF196689AA00A933F0 /* CoreGraphics.framework */,
				E930F5B1196689AA00A933F0 /* UIKit.framework */,
				E930F5B3196689AA00A933F0 /* CoreData.framework */,
				E930F5D4196689AA00A933F0 /* XCTest.framework */,
			);
			name = Frameworks;
			sourceTree = "<group>";
		};
		E930F5B5196689AA00A933F0 /* Spot */ = {
			isa = PBXGroup;
			children = (
				E930F5EC19668A7E00A933F0 /* Model */,
				E930F5EB19668A3900A933F0 /* ViewController */,
				E930F5BE196689AA00A933F0 /* SPTAppDelegate.h */,
				E930F5BF196689AA00A933F0 /* SPTAppDelegate.m */,
				E930F5C1196689AA00A933F0 /* Main.storyboard */,
				E930F5C4196689AA00A933F0 /* Spot.xcdatamodeld */,
				E930F5CD196689AA00A933F0 /* Images.xcassets */,
				E930F5B6196689AA00A933F0 /* Supporting Files */,
			);
			path = Spot;
			sourceTree = "<group>";
		};
		E930F5B6196689AA00A933F0 /* Supporting Files */ = {
			isa = PBXGroup;
			children = (
				E930F5B7196689AA00A933F0 /* Spot-Info.plist */,
				E930F5B8196689AA00A933F0 /* InfoPlist.strings */,
				E930F5BB196689AA00A933F0 /* main.m */,
				E930F5BD196689AA00A933F0 /* Spot-Prefix.pch */,
			);
			name = "Supporting Files";
			sourceTree = "<group>";
		};
		E930F5DB196689AA00A933F0 /* SpotTests */ = {
			isa = PBXGroup;
			children = (
				E930F5E1196689AA00A933F0 /* SpotTests.m */,
				E930F5DC196689AA00A933F0 /* Supporting Files */,
			);
			path = SpotTests;
			sourceTree = "<group>";
		};
		E930F5DC196689AA00A933F0 /* Supporting Files */ = {
			isa = PBXGroup;
			children = (
				E930F5DD196689AA00A933F0 /* SpotTests-Info.plist */,
				E930F5DE196689AA00A933F0 /* InfoPlist.strings */,
			);
			name = "Supporting Files";
			sourceTree = "<group>";
		};
		E930F5EB19668A3900A933F0 /* ViewController */ = {
			isa = PBXGroup;
			children = (
				E930F5C7196689AA00A933F0 /* SPTMasterViewController.h */,
				E930F5C8196689AA00A933F0 /* SPTMasterViewController.m */,
				E930F5CA196689AA00A933F0 /* SPTDetailViewController.h */,
				E930F5CB196689AA00A933F0 /* SPTDetailViewController.m */,
				E904A7E8196691B9004542C8 /* SPTLoginViewController.h */,
				E904A7E9196691B9004542C8 /* SPTLoginViewController.m */,
			);
			name = ViewController;
			sourceTree = "<group>";
		};
		E930F5EC19668A7E00A933F0 /* Model */ = {
			isa = PBXGroup;
			children = (
				E904A7EE1966A3C4004542C8 /* SPTActor.h */,
				E904A7EF1966A3C4004542C8 /* SPTActor.m */,
			);
			name = Model;
			sourceTree = "<group>";
		};
/* End PBXGroup section */

/* Begin PBXNativeTarget section */
		E930F5A9196689AA00A933F0 /* Spot */ = {
			isa = PBXNativeTarget;
			buildConfigurationList = E930F5E5196689AA00A933F0 /* Build configuration list for PBXNativeTarget "Spot" */;
			buildPhases = (
				E930F5A6196689AA00A933F0 /* Sources */,
				E930F5A7196689AA00A933F0 /* Frameworks */,
				E930F5A8196689AA00A933F0 /* Resources */,
			);
			buildRules = (
			);
			dependencies = (
			);
			name = Spot;
			productName = Spot;
			productReference = E930F5AA196689AA00A933F0 /* Spot.app */;
			productType = "com.apple.product-type.application";
		};
		E930F5D2196689AA00A933F0 /* SpotTests */ = {
			isa = PBXNativeTarget;
			buildConfigurationList = E930F5E8196689AA00A933F0 /* Build configuration list for PBXNativeTarget "SpotTests" */;
			buildPhases = (
				E930F5CF196689AA00A933F0 /* Sources */,
				E930F5D0196689AA00A933F0 /* Frameworks */,
				E930F5D1196689AA00A933F0 /* Resources */,
			);
			buildRules = (
			);
			dependencies = (
				E930F5DA196689AA00A933F0 /* PBXTargetDependency */,
			);
			name = SpotTests;
			productName = SpotTests;
			productReference = E930F5D3196689AA00A933F0 /* SpotTests.xctest */;
			productType = "com.apple.product-type.bundle.unit-test";
		};
/* End PBXNativeTarget section */

/* Begin PBXProject section */
		E930F5A2196689AA00A933F0 /* Project object */ = {
			isa = PBXProject;
			attributes = {
				CLASSPREFIX = SPT;
				LastUpgradeCheck = 0510;
				ORGANIZATIONNAME = "Secret Transaction Inc.";
				TargetAttributes = {
					E930F5D2196689AA00A933F0 = {
						TestTargetID = E930F5A9196689AA00A933F0;
					};
				};
			};
			buildConfigurationList = E930F5A5196689AA00A933F0 /* Build configuration list for PBXProject "Spot" */;
			compatibilityVersion = "Xcode 3.2";
			developmentRegion = English;
			hasScannedForEncodings = 0;
			knownRegions = (
				en,
				Base,
			);
			mainGroup = E930F5A1196689AA00A933F0;
			productRefGroup = E930F5AB196689AA00A933F0 /* Products */;
			projectDirPath = "";
			projectRoot = "";
			targets = (
				E930F5A9196689AA00A933F0 /* Spot */,
				E930F5D2196689AA00A933F0 /* SpotTests */,
			);
		};
/* End PBXProject section */

/* Begin PBXResourcesBuildPhase section */
		E930F5A8196689AA00A933F0 /* Resources */ = {
			isa = PBXResourcesBuildPhase;
			buildActionMask = 2147483647;
			files = (
				E930F5CE196689AA00A933F0 /* Images.xcassets in Resources */,
				E930F5BA196689AA00A933F0 /* InfoPlist.strings in Resources */,
				E930F5C3196689AA00A933F0 /* Main.storyboard in Resources */,
			);
			runOnlyForDeploymentPostprocessing = 0;
		};
		E930F5D1196689AA00A933F0 /* Resources */ = {
			isa = PBXResourcesBuildPhase;
			buildActionMask = 2147483647;
			files = (
				E930F5E0196689AA00A933F0 /* InfoPlist.strings in Resources */,
			);
			runOnlyForDeploymentPostprocessing = 0;
		};
/* End PBXResourcesBuildPhase section */

/* Begin PBXSourcesBuildPhase section */
		E930F5A6196689AA00A933F0 /* Sources */ = {
			isa = PBXSourcesBuildPhase;
			buildActionMask = 2147483647;
			files = (
				E930F5C6196689AA00A933F0 /* Spot.xcdatamodeld in Sources */,
				E930F5C0196689AA00A933F0 /* SPTAppDelegate.m in Sources */,
				E904A7EA196691B9004542C8 /* SPTLoginViewController.m in Sources */,
				E904A7F01966A3C4004542C8 /* SPTActor.m in Sources */,
				E930F5C9196689AA00A933F0 /* SPTMasterViewController.m in Sources */,
				E930F5BC196689AA00A933F0 /* main.m in Sources */,
				E930F5CC196689AA00A933F0 /* SPTDetailViewController.m in Sources */,
			);
			runOnlyForDeploymentPostprocessing = 0;
		};
		E930F5CF196689AA00A933F0 /* Sources */ = {
			isa = PBXSourcesBuildPhase;
			buildActionMask = 2147483647;
			files = (
				E930F5E2196689AA00A933F0 /* SpotTests.m in Sources */,
			);
			runOnlyForDeploymentPostprocessing = 0;
		};
/* End PBXSourcesBuildPhase section */

/* Begin PBXTargetDependency section */
		E930F5DA196689AA00A933F0 /* PBXTargetDependency */ = {
			isa = PBXTargetDependency;
			target = E930F5A9196689AA00A933F0 /* Spot */;
			targetProxy = E930F5D9196689AA00A933F0 /* PBXContainerItemProxy */;
		};
/* End PBXTargetDependency section */

/* Begin PBXVariantGroup section */
		E930F5B8196689AA00A933F0 /* InfoPlist.strings */ = {
			isa = PBXVariantGroup;
			children = (
				E930F5B9196689AA00A933F0 /* en */,
			);
			name = InfoPlist.strings;
			sourceTree = "<group>";
		};
		E930F5C1196689AA00A933F0 /* Main.storyboard */ = {
			isa = PBXVariantGroup;
			children = (
				E930F5C2196689AA00A933F0 /* Base */,
			);
			name = Main.storyboard;
			sourceTree = "<group>";
		};
		E930F5DE196689AA00A933F0 /* InfoPlist.strings */ = {
			isa = PBXVariantGroup;
			children = (
				E930F5DF196689AA00A933F0 /* en */,
			);
			name = InfoPlist.strings;
			sourceTree = "<group>";
		};
/* End PBXVariantGroup section */

/* Begin XCBuildConfiguration section */
		E930F5E3196689AA00A933F0 /* Debug */ = {
			isa = XCBuildConfiguration;
			buildSettings = {
				ALWAYS_SEARCH_USER_PATHS = NO;
				CLANG_CXX_LANGUAGE_STANDARD = "gnu++0x";
				CLANG_CXX_LIBRARY = "libc++";
				CLANG_ENABLE_MODULES = YES;
				CLANG_ENABLE_OBJC_ARC = YES;
				CLANG_WARN_BOOL_CONVERSION = YES;
				CLANG_WARN_CONSTANT_CONVERSION = YES;
				CLANG_WARN_DIRECT_OBJC_ISA_USAGE = YES_ERROR;
				CLANG_WARN_EMPTY_BODY = YES;
				CLANG_WARN_ENUM_CONVERSION = YES;
				CLANG_WARN_INT_CONVERSION = YES;
				CLANG_WARN_OBJC_ROOT_CLASS = YES_ERROR;
				CLANG_WARN__DUPLICATE_METHOD_MATCH = YES;
				"CODE_SIGN_IDENTITY[sdk=iphoneos*]" = "iPhone Developer";
				COPY_PHASE_STRIP = NO;
				GCC_C_LANGUAGE_STANDARD = gnu99;
				GCC_DYNAMIC_NO_PIC = NO;
				GCC_OPTIMIZATION_LEVEL = 0;
				GCC_PREPROCESSOR_DEFINITIONS = (
					"DEBUG=1",
					"$(inherited)",
				);
				GCC_SYMBOLS_PRIVATE_EXTERN = NO;
				GCC_WARN_64_TO_32_BIT_CONVERSION = YES;
				GCC_WARN_ABOUT_RETURN_TYPE = YES_ERROR;
				GCC_WARN_UNDECLARED_SELECTOR = YES;
				GCC_WARN_UNINITIALIZED_AUTOS = YES_AGGRESSIVE;
				GCC_WARN_UNUSED_FUNCTION = YES;
				GCC_WARN_UNUSED_VARIABLE = YES;
				IPHONEOS_DEPLOYMENT_TARGET = 7.1;
				ONLY_ACTIVE_ARCH = YES;
				SDKROOT = iphoneos;
			};
			name = Debug;
		};
		E930F5E4196689AA00A933F0 /* Release */ = {
			isa = XCBuildConfiguration;
			buildSettings = {
				ALWAYS_SEARCH_USER_PATHS = NO;
				CLANG_CXX_LANGUAGE_STANDARD = "gnu++0x";
				CLANG_CXX_LIBRARY = "libc++";
				CLANG_ENABLE_MODULES = YES;
				CLANG_ENABLE_OBJC_ARC = YES;
				CLANG_WARN_BOOL_CONVERSION = YES;
				CLANG_WARN_CONSTANT_CONVERSION = YES;
				CLANG_WARN_DIRECT_OBJC_ISA_USAGE = YES_ERROR;
				CLANG_WARN_EMPTY_BODY = YES;
				CLANG_WARN_ENUM_CONVERSION = YES;
				CLANG_WARN_INT_CONVERSION = YES;
				CLANG_WARN_OBJC_ROOT_CLASS = YES_ERROR;
				CLANG_WARN__DUPLICATE_METHOD_MATCH = YES;
				"CODE_SIGN_IDENTITY[sdk=iphoneos*]" = "iPhone Developer";
				COPY_PHASE_STRIP = YES;
				ENABLE_NS_ASSERTIONS = NO;
				GCC_C_LANGUAGE_STANDARD = gnu99;
				GCC_WARN_64_TO_32_BIT_CONVERSION = YES;
				GCC_WARN_ABOUT_RETURN_TYPE = YES_ERROR;
				GCC_WARN_UNDECLARED_SELECTOR = YES;
				GCC_WARN_UNINITIALIZED_AUTOS = YES_AGGRESSIVE;
				GCC_WARN_UNUSED_FUNCTION = YES;
				GCC_WARN_UNUSED_VARIABLE = YES;
				IPHONEOS_DEPLOYMENT_TARGET = 7.1;
				SDKROOT = iphoneos;
				VALIDATE_PRODUCT = YES;
			};
			name = Release;
		};
		E930F5E6196689AA00A933F0 /* Debug */ = {
			isa = XCBuildConfiguration;
			buildSettings = {
				ASSETCATALOG_COMPILER_APPICON_NAME = AppIcon;
				ASSETCATALOG_COMPILER_LAUNCHIMAGE_NAME = LaunchImage;
				GCC_PRECOMPILE_PREFIX_HEADER = YES;
				GCC_PREFIX_HEADER = "Spot/Spot-Prefix.pch";
				INFOPLIST_FILE = "Spot/Spot-Info.plist";
				PRODUCT_NAME = "$(TARGET_NAME)";
				WRAPPER_EXTENSION = app;
			};
			name = Debug;
		};
		E930F5E7196689AA00A933F0 /* Release */ = {
			isa = XCBuildConfiguration;
			buildSettings = {
				ASSETCATALOG_COMPILER_APPICON_NAME = AppIcon;
				ASSETCATALOG_COMPILER_LAUNCHIMAGE_NAME = LaunchImage;
				GCC_PRECOMPILE_PREFIX_HEADER = YES;
				GCC_PREFIX_HEADER = "Spot/Spot-Prefix.pch";
				INFOPLIST_FILE = "Spot/Spot-Info.plist";
				PRODUCT_NAME = "$(TARGET_NAME)";
				WRAPPER_EXTENSION = app;
			};
			name = Release;
		};
		E930F5E9196689AA00A933F0 /* Debug */ = {
			isa = XCBuildConfiguration;
			buildSettings = {
				BUNDLE_LOADER = "$(BUILT_PRODUCTS_DIR)/Spot.app/Spot";
				FRAMEWORK_SEARCH_PATHS = (
					"$(SDKROOT)/Developer/Library/Frameworks",
					"$(inherited)",
					"$(DEVELOPER_FRAMEWORKS_DIR)",
				);
				GCC_PRECOMPILE_PREFIX_HEADER = YES;
				GCC_PREFIX_HEADER = "Spot/Spot-Prefix.pch";
				GCC_PREPROCESSOR_DEFINITIONS = (
					"DEBUG=1",
					"$(inherited)",
				);
				INFOPLIST_FILE = "SpotTests/SpotTests-Info.plist";
				PRODUCT_NAME = "$(TARGET_NAME)";
				TEST_HOST = "$(BUNDLE_LOADER)";
				WRAPPER_EXTENSION = xctest;
			};
			name = Debug;
		};
		E930F5EA196689AA00A933F0 /* Release */ = {
			isa = XCBuildConfiguration;
			buildSettings = {
				BUNDLE_LOADER = "$(BUILT_PRODUCTS_DIR)/Spot.app/Spot";
				FRAMEWORK_SEARCH_PATHS = (
					"$(SDKROOT)/Developer/Library/Frameworks",
					"$(inherited)",
					"$(DEVELOPER_FRAMEWORKS_DIR)",
				);
				GCC_PRECOMPILE_PREFIX_HEADER = YES;
				GCC_PREFIX_HEADER = "Spot/Spot-Prefix.pch";
				INFOPLIST_FILE = "SpotTests/SpotTests-Info.plist";
				PRODUCT_NAME = "$(TARGET_NAME)";
				TEST_HOST = "$(BUNDLE_LOADER)";
				WRAPPER_EXTENSION = xctest;
			};
			name = Release;
		};
/* End XCBuildConfiguration section */

/* Begin XCConfigurationList section */
		E930F5A5196689AA00A933F0 /* Build configuration list for PBXProject "Spot" */ = {
			isa = XCConfigurationList;
			buildConfigurations = (
				E930F5E3196689AA00A933F0 /* Debug */,
				E930F5E4196689AA00A933F0 /* Release */,
			);
			defaultConfigurationIsVisible = 0;
			defaultConfigurationName = Release;
		};
		E930F5E5196689AA00A933F0 /* Build configuration list for PBXNativeTarget "Spot" */ = {
			isa = XCConfigurationList;
			buildConfigurations = (
				E930F5E6196689AA00A933F0 /* Debug */,
				E930F5E7196689AA00A933F0 /* Release */,
			);
			defaultConfigurationIsVisible = 0;
			defaultConfigurationName = Release;
		};
		E930F5E8196689AA00A933F0 /* Build configuration list for PBXNativeTarget "SpotTests" */ = {
			isa = XCConfigurationList;
			buildConfigurations = (
				E930F5E9196689AA00A933F0 /* Debug */,
				E930F5EA196689AA00A933F0 /* Release */,
			);
			defaultConfigurationIsVisible = 0;
			defaultConfigurationName = Release;
		};
/* End XCConfigurationList section */

/* Begin XCVersionGroup section */
		E930F5C4196689AA00A933F0 /* Spot.xcdatamodeld */ = {
			isa = XCVersionGroup;
			children = (
				E930F5C5196689AA00A933F0 /* Spot.xcdatamodel */,
			);
			currentVersion = E930F5C5196689AA00A933F0 /* Spot.xcdatamodel */;
			path = Spot.xcdatamodeld;
			sourceTree = "<group>";
			versionGroupType = wrapper.xcdatamodel;
		};
/* End XCVersionGroup section */
	};
	rootObject = E930F5A2196689AA00A933F0 /* Project object */;
}
